
Microsoft Visual Studio Solution File, Format Version 12.00
# Visual Studio 15
VisualStudioVersion = 15.0.27004.2002
MinimumVisualStudioVersion = 15.0.26124.0
Project("{9A19103F-16F7-4668-BE54-9A1E7A4F7556}") = "EF", "EF\EF.csproj", "{5FAC1B62-B940-45D5-92B7-753F7341CE44}"
EndProject
Project("{FAE04EC0-301F-11D3-BF4B-00C04F79EFBC}") = "CSharpBasic", "CSharpBasic\CSharpBasic.csproj", "{E079D0FF-6B3D-49B8-80EB-40E54BE4820F}"
EndProject
Project("{FAE04EC0-301F-11D3-BF4B-00C04F79EFBC}") = "Tests", "Tests\Tests.csproj", "{A0029779-0D6F-4577-815D-3B8FF324CCD5}"
EndProject
Project("{FAE04EC0-301F-11D3-BF4B-00C04F79EFBC}") = "NHibernate", "NHibernate\NHibernate.csproj", "{C5B0DDD9-413C-42B1-A6C3-4A0EE5947370}"
EndProject
Project("{FAE04EC0-301F-11D3-BF4B-00C04F79EFBC}") = "Algorithms", "Algorithms\Algorithms.csproj", "{A80245C7-AE6C-4F33-AC98-A44FD7ED24C3}"
EndProject
Global
	GlobalSection(SolutionConfigurationPlatforms) = preSolution
		Debug|Any CPU = Debug|Any CPU
		Debug|x64 = Debug|x64
		Debug|x86 = Debug|x86
		Release|Any CPU = Release|Any CPU
		Release|x64 = Release|x64
		Release|x86 = Release|x86
	EndGlobalSection
	GlobalSection(ProjectConfigurationPlatforms) = postSolution
		{5FAC1B62-B940-45D5-92B7-753F7341CE44}.Debug|Any CPU.ActiveCfg = Debug|Any CPU
		{5FAC1B62-B940-45D5-92B7-753F7341CE44}.Debug|Any CPU.Build.0 = Debug|Any CPU
		{5FAC1B62-B940-45D5-92B7-753F7341CE44}.Debug|x64.ActiveCfg = Debug|Any CPU
		{5FAC1B62-B940-45D5-92B7-753F7341CE44}.Debug|x64.Build.0 = Debug|Any CPU
		{5FAC1B62-B940-45D5-92B7-753F7341CE44}.Debug|x86.ActiveCfg = Debug|Any CPU
		{5FAC1B62-B940-45D5-92B7-753F7341CE44}.Debug|x86.Build.0 = Debug|Any CPU
		{5FAC1B62-B940-45D5-92B7-753F7341CE44}.Release|Any CPU.ActiveCfg = Release|Any CPU
		{5FAC1B62-B940-45D5-92B7-753F7341CE44}.Release|Any CPU.Build.0 = Release|Any CPU
		{5FAC1B62-B940-45D5-92B7-753F7341CE44}.Release|x64.ActiveCfg = Release|Any CPU
		{5FAC1B62-B940-45D5-92B7-753F7341CE44}.Release|x64.Build.0 = Release|Any CPU
		{5FAC1B62-B940-45D5-92B7-753F7341CE44}.Release|x86.ActiveCfg = Release|Any CPU
		{5FAC1B62-B940-45D5-92B7-753F7341CE44}.Release|x86.Build.0 = Release|Any CPU
		{E079D0FF-6B3D-49B8-80EB-40E54BE4820F}.Debug|Any CPU.ActiveCfg = Debug|Any CPU
		{E079D0FF-6B3D-49B8-80EB-40E54BE4820F}.Debug|Any CPU.Build.0 = Debug|Any CPU
		{E079D0FF-6B3D-49B8-80EB-40E54BE4820F}.Debug|x64.ActiveCfg = Debug|Any CPU
		{E079D0FF-6B3D-49B8-80EB-40E54BE4820F}.Debug|x64.Build.0 = Debug|Any CPU
		{E079D0FF-6B3D-49B8-80EB-40E54BE4820F}.Debug|x86.ActiveCfg = Debug|Any CPU
		{E079D0FF-6B3D-49B8-80EB-40E54BE4820F}.Debug|x86.Build.0 = Debug|Any CPU
		{E079D0FF-6B3D-49B8-80EB-40E54BE4820F}.Release|Any CPU.ActiveCfg = Release|Any CPU
		{E079D0FF-6B3D-49B8-80EB-40E54BE4820F}.Release|Any CPU.Build.0 = Release|Any CPU
		{E079D0FF-6B3D-49B8-80EB-40E54BE4820F}.Release|x64.ActiveCfg = Release|Any CPU
		{E079D0FF-6B3D-49B8-80EB-40E54BE4820F}.Release|x64.Build.0 = Release|Any CPU
		{E079D0FF-6B3D-49B8-80EB-40E54BE4820F}.Release|x86.ActiveCfg = Release|Any CPU
		{E079D0FF-6B3D-49B8-80EB-40E54BE4820F}.Release|x86.Build.0 = Release|Any CPU
		{A0029779-0D6F-4577-815D-3B8FF324CCD5}.Debug|Any CPU.ActiveCfg = Debug|Any CPU
		{A0029779-0D6F-4577-815D-3B8FF324CCD5}.Debug|Any CPU.Build.0 = Debug|Any CPU
		{A0029779-0D6F-4577-815D-3B8FF324CCD5}.Debug|x64.ActiveCfg = Debug|Any CPU
		{A0029779-0D6F-4577-815D-3B8FF324CCD5}.Debug|x64.Build.0 = Debug|Any CPU
		{A0029779-0D6F-4577-815D-3B8FF324CCD5}.Debug|x86.ActiveCfg = Debug|Any CPU
		{A0029779-0D6F-4577-815D-3B8FF324CCD5}.Debug|x86.Build.0 = Debug|Any CPU
		{A0029779-0D6F-4577-815D-3B8FF324CCD5}.Release|Any CPU.ActiveCfg = Release|Any CPU
		{A0029779-0D6F-4577-815D-3B8FF324CCD5}.Release|Any CPU.Build.0 = Release|Any CPU
		{A0029779-0D6F-4577-815D-3B8FF324CCD5}.Release|x64.ActiveCfg = Release|Any CPU
		{A0029779-0D6F-4577-815D-3B8FF324CCD5}.Release|x64.Build.0 = Release|Any CPU
		{A0029779-0D6F-4577-815D-3B8FF324CCD5}.Release|x86.ActiveCfg = Release|Any CPU
		{A0029779-0D6F-4577-815D-3B8FF324CCD5}.Release|x86.Build.0 = Release|Any CPU
		{C5B0DDD9-413C-42B1-A6C3-4A0EE5947370}.Debug|Any CPU.ActiveCfg = Debug|Any CPU
		{C5B0DDD9-413C-42B1-A6C3-4A0EE5947370}.Debug|Any CPU.Build.0 = Debug|Any CPU
		{C5B0DDD9-413C-42B1-A6C3-4A0EE5947370}.Debug|x64.ActiveCfg = Debug|Any CPU
		{C5B0DDD9-413C-42B1-A6C3-4A0EE5947370}.Debug|x64.Build.0 = Debug|Any CPU
		{C5B0DDD9-413C-42B1-A6C3-4A0EE5947370}.Debug|x86.ActiveCfg = Debug|Any CPU
		{C5B0DDD9-413C-42B1-A6C3-4A0EE5947370}.Debug|x86.Build.0 = Debug|Any CPU
		{C5B0DDD9-413C-42B1-A6C3-4A0EE5947370}.Release|Any CPU.ActiveCfg = Release|Any CPU
		{C5B0DDD9-413C-42B1-A6C3-4A0EE5947370}.Release|Any CPU.Build.0 = Release|Any CPU
		{C5B0DDD9-413C-42B1-A6C3-4A0EE5947370}.Release|x64.ActiveCfg = Release|Any CPU
		{C5B0DDD9-413C-42B1-A6C3-4A0EE5947370}.Release|x64.Build.0 = Release|Any CPU
		{C5B0DDD9-413C-42B1-A6C3-4A0EE5947370}.Release|x86.ActiveCfg = Release|Any CPU
		{C5B0DDD9-413C-42B1-A6C3-4A0EE5947370}.Release|x86.Build.0 = Release|Any CPU
		{A80245C7-AE6C-4F33-AC98-A44FD7ED24C3}.Debug|Any CPU.ActiveCfg = Debug|Any CPU
		{A80245C7-AE6C-4F33-AC98-A44FD7ED24C3}.Debug|Any CPU.Build.0 = Debug|Any CPU
		{A80245C7-AE6C-4F33-AC98-A44FD7ED24C3}.Debug|x64.ActiveCfg = Debug|Any CPU
		{A80245C7-AE6C-4F33-AC98-A44FD7ED24C3}.Debug|x64.Build.0 = Debug|Any CPU
		{A80245C7-AE6C-4F33-AC98-A44FD7ED24C3}.Debug|x86.ActiveCfg = Debug|Any CPU
		{A80245C7-AE6C-4F33-AC98-A44FD7ED24C3}.Debug|x86.Build.0 = Debug|Any CPU
		{A80245C7-AE6C-4F33-AC98-A44FD7ED24C3}.Release|Any CPU.ActiveCfg = Release|Any CPU
		{A80245C7-AE6C-4F33-AC98-A44FD7ED24C3}.Release|Any CPU.Build.0 = Release|Any CPU
		{A80245C7-AE6C-4F33-AC98-A44FD7ED24C3}.Release|x64.ActiveCfg = Release|Any CPU
		{A80245C7-AE6C-4F33-AC98-A44FD7ED24C3}.Release|x64.Build.0 = Release|Any CPU
		{A80245C7-AE6C-4F33-AC98-A44FD7ED24C3}.Release|x86.ActiveCfg = Release|Any CPU
		{A80245C7-AE6C-4F33-AC98-A44FD7ED24C3}.Release|x86.Build.0 = Release|Any CPU
	EndGlobalSection
	GlobalSection(SolutionProperties) = preSolution
		HideSolutionNode = FALSE
	EndGlobalSection
	GlobalSection(ExtensibilityGlobals) = postSolution
		SolutionGuid = {47583D8F-CE51-4B36-B761-1FE67A62B192}
	EndGlobalSection
EndGlobal
