
Microsoft Visual Studio Solution File, Format Version 12.00
# Visual Studio 15
VisualStudioVersion = 15.0.27004.2002
MinimumVisualStudioVersion = 15.0.26124.0
Project("{9A19103F-16F7-4668-BE54-9A1E7A4F7556}") = "EF", "EF\EF.csproj", "{5FAC1B62-B940-45D5-92B7-753F7341CE44}"
EndProject
Project("{FAE04EC0-301F-11D3-BF4B-00C04F79EFBC}") = "CSharpBasic", "CSharpBasic\CSharpBasic.csproj", "{E079D0FF-6B3D-49B8-80EB-40E54BE4820F}"
EndProject
Global
	GlobalSection(SolutionConfigurationPlatforms) = preSolution
		Debug|Any CPU = Debug|Any CPU
		Debug|x64 = Debug|x64
		Debug|x86 = Debug|x86
		Release|Any CPU = Release|Any CPU
		Release|x64 = Release|x64
		Release|x86 = Release|x86
	EndGlobalSection
	GlobalSection(ProjectConfigurationPlatforms) = postSolution
		{5FAC1B62-B940-45D5-92B7-753F7341CE44}.Debug|Any CPU.ActiveCfg = Debug|Any CPU
		{5FAC1B62-B940-45D5-92B7-753F7341CE44}.Debug|Any CPU.Build.0 = Debug|Any CPU
		{5FAC1B62-B940-45D5-92B7-753F7341CE44}.Debug|x64.ActiveCfg = Debug|Any CPU
		{5FAC1B62-B940-45D5-92B7-753F7341CE44}.Debug|x64.Build.0 = Debug|Any CPU
		{5FAC1B62-B940-45D5-92B7-753F7341CE44}.Debug|x86.ActiveCfg = Debug|Any CPU
		{5FAC1B62-B940-45D5-92B7-753F7341CE44}.Debug|x86.Build.0 = Debug|Any CPU
		{5FAC1B62-B940-45D5-92B7-753F7341CE44}.Release|Any CPU.ActiveCfg = Release|Any CPU
		{5FAC1B62-B940-45D5-92B7-753F7341CE44}.Release|Any CPU.Build.0 = Release|Any CPU
		{5FAC1B62-B940-45D5-92B7-753F7341CE44}.Release|x64.ActiveCfg = Release|Any CPU
		{5FAC1B62-B940-45D5-92B7-753F7341CE44}.Release|x64.Build.0 = Release|Any CPU
		{5FAC1B62-B940-45D5-92B7-753F7341CE44}.Release|x86.ActiveCfg = Release|Any CPU
		{5FAC1B62-B940-45D5-92B7-753F7341CE44}.Release|x86.Build.0 = Release|Any CPU
		{E079D0FF-6B3D-49B8-80EB-40E54BE4820F}.Debug|Any CPU.ActiveCfg = Debug|Any CPU
		{E079D0FF-6B3D-49B8-80EB-40E54BE4820F}.Debug|Any CPU.Build.0 = Debug|Any CPU
		{E079D0FF-6B3D-49B8-80EB-40E54BE4820F}.Debug|x64.ActiveCfg = Debug|Any CPU
		{E079D0FF-6B3D-49B8-80EB-40E54BE4820F}.Debug|x64.Build.0 = Debug|Any CPU
		{E079D0FF-6B3D-49B8-80EB-40E54BE4820F}.Debug|x86.ActiveCfg = Debug|Any CPU
		{E079D0FF-6B3D-49B8-80EB-40E54BE4820F}.Debug|x86.Build.0 = Debug|Any CPU
		{E079D0FF-6B3D-49B8-80EB-40E54BE4820F}.Release|Any CPU.ActiveCfg = Release|Any CPU
		{E079D0FF-6B3D-49B8-80EB-40E54BE4820F}.Release|Any CPU.Build.0 = Release|Any CPU
		{E079D0FF-6B3D-49B8-80EB-40E54BE4820F}.Release|x64.ActiveCfg = Release|Any CPU
		{E079D0FF-6B3D-49B8-80EB-40E54BE4820F}.Release|x64.Build.0 = Release|Any CPU
		{E079D0FF-6B3D-49B8-80EB-40E54BE4820F}.Release|x86.ActiveCfg = Release|Any CPU
		{E079D0FF-6B3D-49B8-80EB-40E54BE4820F}.Release|x86.Build.0 = Release|Any CPU
	EndGlobalSection
	GlobalSection(SolutionProperties) = preSolution
		HideSolutionNode = FALSE
	EndGlobalSection
	GlobalSection(ExtensibilityGlobals) = postSolution
		SolutionGuid = {47583D8F-CE51-4B36-B761-1FE67A62B192}
	EndGlobalSection
EndGlobal
